
Microsoft Visual Studio Solution File, Format Version 12.00
# Visual Studio Version 17
VisualStudioVersion = 17.4.33213.308
MinimumVisualStudioVersion = 10.0.40219.1
Project("{FAE04EC0-301F-11D3-BF4B-00C04F79EFBC}") = "Plane Ticket", "Plane Ticket\Plane Ticket.csproj", "{DBFA8EE9-B7ED-4F74-B96C-CE8A7144477B}"
EndProject
Global
	GlobalSection(SolutionConfigurationPlatforms) = preSolution
		Debug|Any CPU = Debug|Any CPU
		Release|Any CPU = Release|Any CPU
	EndGlobalSection
	GlobalSection(ProjectConfigurationPlatforms) = postSolution
		{DBFA8EE9-B7ED-4F74-B96C-CE8A7144477B}.Debug|Any CPU.ActiveCfg = Debug|Any CPU
		{DBFA8EE9-B7ED-4F74-B96C-CE8A7144477B}.Debug|Any CPU.Build.0 = Debug|Any CPU
		{DBFA8EE9-B7ED-4F74-B96C-CE8A7144477B}.Release|Any CPU.ActiveCfg = Release|Any CPU
		{DBFA8EE9-B7ED-4F74-B96C-CE8A7144477B}.Release|Any CPU.Build.0 = Release|Any CPU
	EndGlobalSection
	GlobalSection(SolutionProperties) = preSolution
		HideSolutionNode = FALSE
	EndGlobalSection
	GlobalSection(ExtensibilityGlobals) = postSolution
		SolutionGuid = {36BD886B-04CF-4FBB-8AA2-ABFC56F9B990}
	EndGlobalSection
EndGlobal
